
Microsoft Visual Studio Solution File, Format Version 12.00
# Visual Studio Version 16
VisualStudioVersion = 25.0.1706.8
MinimumVisualStudioVersion = 10.0.40219.1
Project("{FAE04EC0-301F-11D3-BF4B-00C04F79EFBC}") = "OnlineRetail", "OnlineRetail\OnlineRetail.csproj", "{2A5CC284-519C-4FAC-96D8-6151100D6526}"
EndProject
Global
	GlobalSection(SolutionConfigurationPlatforms) = preSolution
		Debug|Any CPU = Debug|Any CPU
		Release|Any CPU = Release|Any CPU
	EndGlobalSection
	GlobalSection(ProjectConfigurationPlatforms) = postSolution
		{2A5CC284-519C-4FAC-96D8-6151100D6526}.Debug|Any CPU.ActiveCfg = Debug|Any CPU
		{2A5CC284-519C-4FAC-96D8-6151100D6526}.Debug|Any CPU.Build.0 = Debug|Any CPU
		{2A5CC284-519C-4FAC-96D8-6151100D6526}.Release|Any CPU.ActiveCfg = Release|Any CPU
		{2A5CC284-519C-4FAC-96D8-6151100D6526}.Release|Any CPU.Build.0 = Release|Any CPU
	EndGlobalSection
	GlobalSection(SolutionProperties) = preSolution
		HideSolutionNode = FALSE
	EndGlobalSection
	GlobalSection(ExtensibilityGlobals) = postSolution
		SolutionGuid = {E6CFCD34-B5C8-4699-8039-BF56A0178EBD}
	EndGlobalSection
EndGlobal
